
Microsoft Visual Studio Solution File, Format Version 12.00
# Visual Studio Version 17
VisualStudioVersion = 17.11.35208.52
MinimumVisualStudioVersion = 10.0.40219.1
Project("{FAE04EC0-301F-11D3-BF4B-00C04F79EFBC}") = "requirements", "requirements\requirements.csproj", "{F818F3CC-F5B6-4ECE-A491-CB6057D517EE}"
EndProject
Global
	GlobalSection(SolutionConfigurationPlatforms) = preSolution
		Debug|Any CPU = Debug|Any CPU
		Release|Any CPU = Release|Any CPU
	EndGlobalSection
	GlobalSection(ProjectConfigurationPlatforms) = postSolution
		{F818F3CC-F5B6-4ECE-A491-CB6057D517EE}.Debug|Any CPU.ActiveCfg = Debug|Any CPU
		{F818F3CC-F5B6-4ECE-A491-CB6057D517EE}.Debug|Any CPU.Build.0 = Debug|Any CPU
		{F818F3CC-F5B6-4ECE-A491-CB6057D517EE}.Release|Any CPU.ActiveCfg = Release|Any CPU
		{F818F3CC-F5B6-4ECE-A491-CB6057D517EE}.Release|Any CPU.Build.0 = Release|Any CPU
	EndGlobalSection
	GlobalSection(SolutionProperties) = preSolution
		HideSolutionNode = FALSE
	EndGlobalSection
	GlobalSection(ExtensibilityGlobals) = postSolution
		SolutionGuid = {9BD79F1D-665C-4208-8757-09DA37D70D46}
	EndGlobalSection
EndGlobal
